
Microsoft Visual Studio Solution File, Format Version 12.00
# Visual Studio 15
VisualStudioVersion = 15.0.27703.2035
MinimumVisualStudioVersion = 10.0.40219.1
Project("{2150E333-8FDC-42A3-9474-1A3956D46DE8}") = "Ui", "Ui", "{01DF8FD3-CEE9-4AE7-B2D6-475218DFED69}"
EndProject
Project("{2150E333-8FDC-42A3-9474-1A3956D46DE8}") = "Logic", "Logic", "{14CE73D1-952C-45FC-8A69-CE3541B1730F}"
EndProject
Project("{2150E333-8FDC-42A3-9474-1A3956D46DE8}") = ".shared", ".shared", "{DF9888D6-EB70-4841-BCF9-89C16E713E07}"
	ProjectSection(SolutionItems) = preProject
		.shared\SharedAssemplyInfo.cs = .shared\SharedAssemplyInfo.cs
	EndProjectSection
EndProject
Project("{FAE04EC0-301F-11D3-BF4B-00C04F79EFBC}") = "Ui.Desktop", "Ui\Ui.Desktop\Ui.Desktop.csproj", "{ACDFEAF5-EC7A-432A-9CB1-82C8AE553166}"
EndProject
Project("{FAE04EC0-301F-11D3-BF4B-00C04F79EFBC}") = "Logic.Ui", "Logic\Logic.Ui\Logic.Ui.csproj", "{F965E63A-0FC3-47D6-9523-0E19C3FD85AA}"
EndProject
Global
	GlobalSection(SolutionConfigurationPlatforms) = preSolution
		Debug|Any CPU = Debug|Any CPU
		Release|Any CPU = Release|Any CPU
	EndGlobalSection
	GlobalSection(ProjectConfigurationPlatforms) = postSolution
		{ACDFEAF5-EC7A-432A-9CB1-82C8AE553166}.Debug|Any CPU.ActiveCfg = Debug|Any CPU
		{ACDFEAF5-EC7A-432A-9CB1-82C8AE553166}.Debug|Any CPU.Build.0 = Debug|Any CPU
		{ACDFEAF5-EC7A-432A-9CB1-82C8AE553166}.Release|Any CPU.ActiveCfg = Release|Any CPU
		{ACDFEAF5-EC7A-432A-9CB1-82C8AE553166}.Release|Any CPU.Build.0 = Release|Any CPU
		{F965E63A-0FC3-47D6-9523-0E19C3FD85AA}.Debug|Any CPU.ActiveCfg = Debug|Any CPU
		{F965E63A-0FC3-47D6-9523-0E19C3FD85AA}.Debug|Any CPU.Build.0 = Debug|Any CPU
		{F965E63A-0FC3-47D6-9523-0E19C3FD85AA}.Release|Any CPU.ActiveCfg = Release|Any CPU
		{F965E63A-0FC3-47D6-9523-0E19C3FD85AA}.Release|Any CPU.Build.0 = Release|Any CPU
	EndGlobalSection
	GlobalSection(SolutionProperties) = preSolution
		HideSolutionNode = FALSE
	EndGlobalSection
	GlobalSection(NestedProjects) = preSolution
		{ACDFEAF5-EC7A-432A-9CB1-82C8AE553166} = {01DF8FD3-CEE9-4AE7-B2D6-475218DFED69}
		{F965E63A-0FC3-47D6-9523-0E19C3FD85AA} = {14CE73D1-952C-45FC-8A69-CE3541B1730F}
	EndGlobalSection
	GlobalSection(ExtensibilityGlobals) = postSolution
		SolutionGuid = {4898D515-0891-4A1E-AD0D-7CEC05101928}
	EndGlobalSection
EndGlobal
